<?xml version="1.0" encoding="UTF-8" standalone="yes" ?>
<CodeBlocks_project_file>
	<FileVersion major="1" minor="6" />
	<Project>
		<Option title="doctet" />
		<Option pch_mode="2" />
		<Option compiler="gcc" />
		<Build>
			<Target title="Debug">
				<Option output="bin/Debug/doctet" prefix_auto="1" extension_auto="1" />
				<Option object_output="obj/Debug/" />
				<Option type="1" />
				<Option compiler="gcc" />
				<Option parameters="toto titi tata tutu toto" />
				<Compiler>
					<Add option="-g" />
				</Compiler>
			</Target>
			<Target title="Release">
				<Option output="bin/Release/doctet" prefix_auto="1" extension_auto="1" />
				<Option object_output="obj/Release/" />
				<Option type="1" />
				<Option compiler="gcc" />
				<Compiler>
					<Add option="-O2" />
				</Compiler>
				<Linker>
					<Add option="-s" />
				</Linker>
			</Target>
		</Build>
		<Compiler>
			<Add option="-std=c99" />
		</Compiler>
		<ExtraCommands>
			<Add before='cmd /c &quot;bison -dy parse.y&quot;' />
			<Add before='cmd /c &quot;windows\flex scan.l&quot;' />
		</ExtraCommands>
		<Unit filename="Error.c">
			<Option compilerVar="CC" />
		</Unit>
		<Unit filename="Error.h" />
		<Unit filename="ExtLib/extlib.def.c">
			<Option compilerVar="CC" />
		</Unit>
		<Unit filename="ExtLib/extlib.def.h" />
		<Unit filename="ExtLib/extlib.vect.c">
			<Option compilerVar="CC" />
		</Unit>
		<Unit filename="ExtLib/extlib.vect.h" />
		<Unit filename="RenderDoc.c">
			<Option compilerVar="CC" />
		</Unit>
		<Unit filename="RenderDoc.h" />
		<Unit filename="RenderFile.c">
			<Option compilerVar="CC" />
		</Unit>
		<Unit filename="RenderFile.h" />
		<Unit filename="SymbolsManager.c">
			<Option compilerVar="CC" />
		</Unit>
		<Unit filename="SymbolsManager.h" />
		<Unit filename="doctet.c">
			<Option compilerVar="CC" />
		</Unit>
		<Unit filename="lex.yy.c">
			<Option compilerVar="CC" />
		</Unit>
		<Unit filename="toto" />
		<Unit filename="y.tab.c">
			<Option compilerVar="CC" />
		</Unit>
		<Unit filename="y.tab.h" />
		<Extensions>
			<code_completion />
			<envvars />
			<debugger />
			<lib_finder disable_auto="1" />
		</Extensions>
	</Project>
</CodeBlocks_project_file>
